// !$*UTF8*$!
{
	archiveVersion = 1;
	classes = {
	};
	objectVersion = 48;
	objects = {

/* Begin PBXBuildFile section */
		2A54F30C1FE8266C00388D68 /* phone2 2.png in Resources */ = {isa = PBXBuildFile; fileRef = 2A54F30B1FE8266A00388D68 /* phone2 2.png */; };
		2A54F30E1FE837C700388D68 /* SignInViewController.swift in Sources */ = {isa = PBXBuildFile; fileRef = 2A54F30D1FE837C700388D68 /* SignInViewController.swift */; };
		2A54F3141FE9205A00388D68 /* Announ.png in Resources */ = {isa = PBXBuildFile; fileRef = 2A54F3131FE9205800388D68 /* Announ.png */; };
		2A54F3161FE9215300388D68 /* Bill.png in Resources */ = {isa = PBXBuildFile; fileRef = 2A54F3151FE9215100388D68 /* Bill.png */; };
		2A54F3181FE9225200388D68 /* main.png in Resources */ = {isa = PBXBuildFile; fileRef = 2A54F3171FE9225000388D68 /* main.png */; };
		2A54F31A1FE92ADA00388D68 /* Thammasat_University.png in Resources */ = {isa = PBXBuildFile; fileRef = 2A54F3191FE92AD800388D68 /* Thammasat_University.png */; };
		2A54F31C1FE9659E00388D68 /* News.swift in Sources */ = {isa = PBXBuildFile; fileRef = 2A54F31B1FE9659E00388D68 /* News.swift */; };
		2A54F31E1FE967C700388D68 /* NewsTableViewController.swift in Sources */ = {isa = PBXBuildFile; fileRef = 2A54F31D1FE967C700388D68 /* NewsTableViewController.swift */; };
		2A54F3201FE96C2F00388D68 /* NewsDataViewController.swift in Sources */ = {isa = PBXBuildFile; fileRef = 2A54F31F1FE96C2F00388D68 /* NewsDataViewController.swift */; };
		2A54F3221FE979B400388D68 /* BillTableViewController.swift in Sources */ = {isa = PBXBuildFile; fileRef = 2A54F3211FE979B400388D68 /* BillTableViewController.swift */; };
		2A54F3241FE97D2100388D68 /* Bill.swift in Sources */ = {isa = PBXBuildFile; fileRef = 2A54F3231FE97D2100388D68 /* Bill.swift */; };
		2A54F3261FE983B000388D68 /* MaintenanceCallListViewController.swift in Sources */ = {isa = PBXBuildFile; fileRef = 2A54F3251FE983B000388D68 /* MaintenanceCallListViewController.swift */; };
		2A54F3281FE983DD00388D68 /* RepairedViewController.swift in Sources */ = {isa = PBXBuildFile; fileRef = 2A54F3271FE983DD00388D68 /* RepairedViewController.swift */; };
		2A54F32A1FEA9E7800388D68 /* RepairedItem.swift in Sources */ = {isa = PBXBuildFile; fileRef = 2A54F3291FEA9E7800388D68 /* RepairedItem.swift */; };
		2A54F3341FEB691C00388D68 /* UserNotifications.framework in Frameworks */ = {isa = PBXBuildFile; fileRef = 2A54F3331FEB691C00388D68 /* UserNotifications.framework */; };
		2A54F3361FEB761400388D68 /* EmergencyCallViewController.swift in Sources */ = {isa = PBXBuildFile; fileRef = 2A54F3351FEB761400388D68 /* EmergencyCallViewController.swift */; };
		2AA54D4A1FDDA25A00096F75 /* AppDelegate.swift in Sources */ = {isa = PBXBuildFile; fileRef = 2AA54D491FDDA25A00096F75 /* AppDelegate.swift */; };
		2AA54D4C1FDDA25A00096F75 /* TUDormViewController.swift in Sources */ = {isa = PBXBuildFile; fileRef = 2AA54D4B1FDDA25A00096F75 /* TUDormViewController.swift */; };
		2AA54D4F1FDDA25A00096F75 /* Main.storyboard in Resources */ = {isa = PBXBuildFile; fileRef = 2AA54D4D1FDDA25A00096F75 /* Main.storyboard */; };
		2AA54D521FDDA25A00096F75 /* TU_Dorm.xcdatamodeld in Sources */ = {isa = PBXBuildFile; fileRef = 2AA54D501FDDA25A00096F75 /* TU_Dorm.xcdatamodeld */; };
		2AA54D541FDDA25A00096F75 /* Assets.xcassets in Resources */ = {isa = PBXBuildFile; fileRef = 2AA54D531FDDA25A00096F75 /* Assets.xcassets */; };
		2AA54D571FDDA25A00096F75 /* LaunchScreen.storyboard in Resources */ = {isa = PBXBuildFile; fileRef = 2AA54D551FDDA25A00096F75 /* LaunchScreen.storyboard */; };
		2AA54D5F1FDDA26800096F75 /* DSC_8505.jpg in Resources */ = {isa = PBXBuildFile; fileRef = 2AA54D5E1FDDA26800096F75 /* DSC_8505.jpg */; };
/* End PBXBuildFile section */

/* Begin PBXFileReference section */
		2A54F30B1FE8266A00388D68 /* phone2 2.png */ = {isa = PBXFileReference; lastKnownFileType = image.png; name = "phone2 2.png"; path = "../../../Downloads/phone2 2.png"; sourceTree = "<group>"; };
		2A54F30D1FE837C700388D68 /* SignInViewController.swift */ = {isa = PBXFileReference; lastKnownFileType = sourcecode.swift; path = SignInViewController.swift; sourceTree = "<group>"; };
		2A54F3131FE9205800388D68 /* Announ.png */ = {isa = PBXFileReference; lastKnownFileType = image.png; name = Announ.png; path = ../../../Downloads/Announ.png; sourceTree = "<group>"; };
		2A54F3151FE9215100388D68 /* Bill.png */ = {isa = PBXFileReference; lastKnownFileType = image.png; name = Bill.png; path = ../../../Downloads/Bill.png; sourceTree = "<group>"; };
		2A54F3171FE9225000388D68 /* main.png */ = {isa = PBXFileReference; lastKnownFileType = image.png; name = main.png; path = ../../../Downloads/main.png; sourceTree = "<group>"; };
		2A54F3191FE92AD800388D68 /* Thammasat_University.png */ = {isa = PBXFileReference; lastKnownFileType = image.png; name = Thammasat_University.png; path = ../../../Downloads/Thammasat_University.png; sourceTree = "<group>"; };
		2A54F31B1FE9659E00388D68 /* News.swift */ = {isa = PBXFileReference; lastKnownFileType = sourcecode.swift; path = News.swift; sourceTree = "<group>"; };
		2A54F31D1FE967C700388D68 /* NewsTableViewController.swift */ = {isa = PBXFileReference; lastKnownFileType = sourcecode.swift; path = NewsTableViewController.swift; sourceTree = "<group>"; };
		2A54F31F1FE96C2F00388D68 /* NewsDataViewController.swift */ = {isa = PBXFileReference; lastKnownFileType = sourcecode.swift; path = NewsDataViewController.swift; sourceTree = "<group>"; };
		2A54F3211FE979B400388D68 /* BillTableViewController.swift */ = {isa = PBXFileReference; lastKnownFileType = sourcecode.swift; path = BillTableViewController.swift; sourceTree = "<group>"; };
		2A54F3231FE97D2100388D68 /* Bill.swift */ = {isa = PBXFileReference; lastKnownFileType = sourcecode.swift; path = Bill.swift; sourceTree = "<group>"; };
		2A54F3251FE983B000388D68 /* MaintenanceCallListViewController.swift */ = {isa = PBXFileReference; lastKnownFileType = sourcecode.swift; path = MaintenanceCallListViewController.swift; sourceTree = "<group>"; };
		2A54F3271FE983DD00388D68 /* RepairedViewController.swift */ = {isa = PBXFileReference; lastKnownFileType = sourcecode.swift; path = RepairedViewController.swift; sourceTree = "<group>"; };
		2A54F3291FEA9E7800388D68 /* RepairedItem.swift */ = {isa = PBXFileReference; lastKnownFileType = sourcecode.swift; path = RepairedItem.swift; sourceTree = "<group>"; };
		2A54F3301FEB681000388D68 /* TU Dorm.entitlements */ = {isa = PBXFileReference; lastKnownFileType = text.plist.entitlements; path = "TU Dorm.entitlements"; sourceTree = "<group>"; };
		2A54F3331FEB691C00388D68 /* UserNotifications.framework */ = {isa = PBXFileReference; lastKnownFileType = wrapper.framework; name = UserNotifications.framework; path = System/Library/Frameworks/UserNotifications.framework; sourceTree = SDKROOT; };
		2A54F3351FEB761400388D68 /* EmergencyCallViewController.swift */ = {isa = PBXFileReference; lastKnownFileType = sourcecode.swift; path = EmergencyCallViewController.swift; sourceTree = "<group>"; };
		2AA54D461FDDA25A00096F75 /* TU Dorm.app */ = {isa = PBXFileReference; explicitFileType = wrapper.application; includeInIndex = 0; path = "TU Dorm.app"; sourceTree = BUILT_PRODUCTS_DIR; };
		2AA54D491FDDA25A00096F75 /* AppDelegate.swift */ = {isa = PBXFileReference; lastKnownFileType = sourcecode.swift; path = AppDelegate.swift; sourceTree = "<group>"; };
		2AA54D4B1FDDA25A00096F75 /* TUDormViewController.swift */ = {isa = PBXFileReference; lastKnownFileType = sourcecode.swift; path = TUDormViewController.swift; sourceTree = "<group>"; };
		2AA54D4E1FDDA25A00096F75 /* Base */ = {isa = PBXFileReference; lastKnownFileType = file.storyboard; name = Base; path = Base.lproj/Main.storyboard; sourceTree = "<group>"; };
		2AA54D511FDDA25A00096F75 /* TU_Dorm.xcdatamodel */ = {isa = PBXFileReference; lastKnownFileType = wrapper.xcdatamodel; path = TU_Dorm.xcdatamodel; sourceTree = "<group>"; };
		2AA54D531FDDA25A00096F75 /* Assets.xcassets */ = {isa = PBXFileReference; lastKnownFileType = folder.assetcatalog; path = Assets.xcassets; sourceTree = "<group>"; };
		2AA54D561FDDA25A00096F75 /* Base */ = {isa = PBXFileReference; lastKnownFileType = file.storyboard; name = Base; path = Base.lproj/LaunchScreen.storyboard; sourceTree = "<group>"; };
		2AA54D581FDDA25A00096F75 /* Info.plist */ = {isa = PBXFileReference; lastKnownFileType = text.plist.xml; path = Info.plist; sourceTree = "<group>"; };
		2AA54D5E1FDDA26800096F75 /* DSC_8505.jpg */ = {isa = PBXFileReference; lastKnownFileType = image.jpeg; name = DSC_8505.jpg; path = ../../../Downloads/DSC_8505.jpg; sourceTree = "<group>"; };
/* End PBXFileReference section */

/* Begin PBXFrameworksBuildPhase section */
		2AA54D431FDDA25A00096F75 /* Frameworks */ = {
			isa = PBXFrameworksBuildPhase;
			buildActionMask = 2147483647;
			files = (
				2A54F3341FEB691C00388D68 /* UserNotifications.framework in Frameworks */,
			);
			runOnlyForDeploymentPostprocessing = 0;
		};
/* End PBXFrameworksBuildPhase section */

/* Begin PBXGroup section */
		2A54F32B1FEB680B00388D68 /* Frameworks */ = {
			isa = PBXGroup;
			children = (
				2A54F3331FEB691C00388D68 /* UserNotifications.framework */,
			);
			name = Frameworks;
			sourceTree = "<group>";
		};
		2AA54D3D1FDDA25A00096F75 = {
			isa = PBXGroup;
			children = (
				2AA54D481FDDA25A00096F75 /* TU Dorm */,
				2AA54D471FDDA25A00096F75 /* Products */,
				2A54F32B1FEB680B00388D68 /* Frameworks */,
			);
			sourceTree = "<group>";
		};
		2AA54D471FDDA25A00096F75 /* Products */ = {
			isa = PBXGroup;
			children = (
				2AA54D461FDDA25A00096F75 /* TU Dorm.app */,
			);
			name = Products;
			sourceTree = "<group>";
		};
		2AA54D481FDDA25A00096F75 /* TU Dorm */ = {
			isa = PBXGroup;
			children = (
				2A54F3301FEB681000388D68 /* TU Dorm.entitlements */,
				2AA54D5E1FDDA26800096F75 /* DSC_8505.jpg */,
				2A54F3191FE92AD800388D68 /* Thammasat_University.png */,
				2A54F3131FE9205800388D68 /* Announ.png */,
				2A54F3171FE9225000388D68 /* main.png */,
				2A54F3151FE9215100388D68 /* Bill.png */,
				2A54F30B1FE8266A00388D68 /* phone2 2.png */,
				2AA54D491FDDA25A00096F75 /* AppDelegate.swift */,
				2AA54D4B1FDDA25A00096F75 /* TUDormViewController.swift */,
				2A54F30D1FE837C700388D68 /* SignInViewController.swift */,
				2AA54D4D1FDDA25A00096F75 /* Main.storyboard */,
				2A54F3351FEB761400388D68 /* EmergencyCallViewController.swift */,
				2A54F3271FE983DD00388D68 /* RepairedViewController.swift */,
				2A54F3291FEA9E7800388D68 /* RepairedItem.swift */,
				2A54F3251FE983B000388D68 /* MaintenanceCallListViewController.swift */,
				2A54F3231FE97D2100388D68 /* Bill.swift */,
				2A54F3211FE979B400388D68 /* BillTableViewController.swift */,
				2A54F31D1FE967C700388D68 /* NewsTableViewController.swift */,
				2A54F31B1FE9659E00388D68 /* News.swift */,
				2A54F31F1FE96C2F00388D68 /* NewsDataViewController.swift */,
				2AA54D531FDDA25A00096F75 /* Assets.xcassets */,
				2AA54D551FDDA25A00096F75 /* LaunchScreen.storyboard */,
				2AA54D581FDDA25A00096F75 /* Info.plist */,
				2AA54D501FDDA25A00096F75 /* TU_Dorm.xcdatamodeld */,
			);
			path = "TU Dorm";
			sourceTree = "<group>";
		};
/* End PBXGroup section */

/* Begin PBXNativeTarget section */
		2AA54D451FDDA25A00096F75 /* TU Dorm */ = {
			isa = PBXNativeTarget;
			buildConfigurationList = 2AA54D5B1FDDA25A00096F75 /* Build configuration list for PBXNativeTarget "TU Dorm" */;
			buildPhases = (
				2AA54D421FDDA25A00096F75 /* Sources */,
				2AA54D431FDDA25A00096F75 /* Frameworks */,
				2AA54D441FDDA25A00096F75 /* Resources */,
			);
			buildRules = (
			);
			dependencies = (
			);
			name = "TU Dorm";
			productName = "TU Dorm";
			productReference = 2AA54D461FDDA25A00096F75 /* TU Dorm.app */;
			productType = "com.apple.product-type.application";
		};
/* End PBXNativeTarget section */

/* Begin PBXProject section */
		2AA54D3E1FDDA25A00096F75 /* Project object */ = {
			isa = PBXProject;
			attributes = {
				LastSwiftUpdateCheck = 0920;
				LastUpgradeCheck = 0920;
				ORGANIZATIONNAME = "Pattranit Pisantanaroj";
				TargetAttributes = {
					2AA54D451FDDA25A00096F75 = {
						CreatedOnToolsVersion = 9.2;
						ProvisioningStyle = Automatic;
						SystemCapabilities = {
							com.apple.ApplicationGroups.iOS = {
								enabled = 0;
							};
							com.apple.BackgroundModes = {
								enabled = 1;
							};
							com.apple.DataProtection = {
								enabled = 0;
							};
							com.apple.InterAppAudio = {
								enabled = 0;
							};
							com.apple.Maps.iOS = {
								enabled = 0;
							};
							com.apple.WAC = {
								enabled = 0;
							};
						};
					};
				};
			};
			buildConfigurationList = 2AA54D411FDDA25A00096F75 /* Build configuration list for PBXProject "TU Dorm" */;
			compatibilityVersion = "Xcode 8.0";
			developmentRegion = en;
			hasScannedForEncodings = 0;
			knownRegions = (
				en,
				Base,
			);
			mainGroup = 2AA54D3D1FDDA25A00096F75;
			productRefGroup = 2AA54D471FDDA25A00096F75 /* Products */;
			projectDirPath = "";
			projectRoot = "";
			targets = (
				2AA54D451FDDA25A00096F75 /* TU Dorm */,
			);
		};
/* End PBXProject section */

/* Begin PBXResourcesBuildPhase section */
		2AA54D441FDDA25A00096F75 /* Resources */ = {
			isa = PBXResourcesBuildPhase;
			buildActionMask = 2147483647;
			files = (
				2AA54D571FDDA25A00096F75 /* LaunchScreen.storyboard in Resources */,
				2A54F3141FE9205A00388D68 /* Announ.png in Resources */,
				2A54F3181FE9225200388D68 /* main.png in Resources */,
				2A54F31A1FE92ADA00388D68 /* Thammasat_University.png in Resources */,
				2AA54D541FDDA25A00096F75 /* Assets.xcassets in Resources */,
				2AA54D5F1FDDA26800096F75 /* DSC_8505.jpg in Resources */,
				2A54F30C1FE8266C00388D68 /* phone2 2.png in Resources */,
				2A54F3161FE9215300388D68 /* Bill.png in Resources */,
				2AA54D4F1FDDA25A00096F75 /* Main.storyboard in Resources */,
			);
			runOnlyForDeploymentPostprocessing = 0;
		};
/* End PBXResourcesBuildPhase section */

/* Begin PBXSourcesBuildPhase section */
		2AA54D421FDDA25A00096F75 /* Sources */ = {
			isa = PBXSourcesBuildPhase;
			buildActionMask = 2147483647;
			files = (
				2A54F3261FE983B000388D68 /* MaintenanceCallListViewController.swift in Sources */,
				2A54F3281FE983DD00388D68 /* RepairedViewController.swift in Sources */,
				2A54F30E1FE837C700388D68 /* SignInViewController.swift in Sources */,
				2AA54D4C1FDDA25A00096F75 /* TUDormViewController.swift in Sources */,
				2A54F3221FE979B400388D68 /* BillTableViewController.swift in Sources */,
				2A54F31E1FE967C700388D68 /* NewsTableViewController.swift in Sources */,
				2AA54D4A1FDDA25A00096F75 /* AppDelegate.swift in Sources */,
				2A54F31C1FE9659E00388D68 /* News.swift in Sources */,
				2AA54D521FDDA25A00096F75 /* TU_Dorm.xcdatamodeld in Sources */,
				2A54F32A1FEA9E7800388D68 /* RepairedItem.swift in Sources */,
				2A54F3361FEB761400388D68 /* EmergencyCallViewController.swift in Sources */,
				2A54F3241FE97D2100388D68 /* Bill.swift in Sources */,
				2A54F3201FE96C2F00388D68 /* NewsDataViewController.swift in Sources */,
			);
			runOnlyForDeploymentPostprocessing = 0;
		};
/* End PBXSourcesBuildPhase section */

/* Begin PBXVariantGroup section */
		2AA54D4D1FDDA25A00096F75 /* Main.storyboard */ = {
			isa = PBXVariantGroup;
			children = (
				2AA54D4E1FDDA25A00096F75 /* Base */,
			);
			name = Main.storyboard;
			sourceTree = "<group>";
		};
		2AA54D551FDDA25A00096F75 /* LaunchScreen.storyboard */ = {
			isa = PBXVariantGroup;
			children = (
				2AA54D561FDDA25A00096F75 /* Base */,
			);
			name = LaunchScreen.storyboard;
			sourceTree = "<group>";
		};
/* End PBXVariantGroup section */

/* Begin XCBuildConfiguration section */
		2AA54D591FDDA25A00096F75 /* Debug */ = {
			isa = XCBuildConfiguration;
			buildSettings = {
				ALWAYS_SEARCH_USER_PATHS = NO;
				CLANG_ANALYZER_NONNULL = YES;
				CLANG_ANALYZER_NUMBER_OBJECT_CONVERSION = YES_AGGRESSIVE;
				CLANG_CXX_LANGUAGE_STANDARD = "gnu++14";
				CLANG_CXX_LIBRARY = "libc++";
				CLANG_ENABLE_MODULES = YES;
				CLANG_ENABLE_OBJC_ARC = YES;
				CLANG_WARN_BLOCK_CAPTURE_AUTORELEASING = YES;
				CLANG_WARN_BOOL_CONVERSION = YES;
				CLANG_WARN_COMMA = YES;
				CLANG_WARN_CONSTANT_CONVERSION = YES;
				CLANG_WARN_DIRECT_OBJC_ISA_USAGE = YES_ERROR;
				CLANG_WARN_DOCUMENTATION_COMMENTS = YES;
				CLANG_WARN_EMPTY_BODY = YES;
				CLANG_WARN_ENUM_CONVERSION = YES;
				CLANG_WARN_INFINITE_RECURSION = YES;
				CLANG_WARN_INT_CONVERSION = YES;
				CLANG_WARN_NON_LITERAL_NULL_CONVERSION = YES;
				CLANG_WARN_OBJC_LITERAL_CONVERSION = YES;
				CLANG_WARN_OBJC_ROOT_CLASS = YES_ERROR;
				CLANG_WARN_RANGE_LOOP_ANALYSIS = YES;
				CLANG_WARN_STRICT_PROTOTYPES = YES;
				CLANG_WARN_SUSPICIOUS_MOVE = YES;
				CLANG_WARN_UNGUARDED_AVAILABILITY = YES_AGGRESSIVE;
				CLANG_WARN_UNREACHABLE_CODE = YES;
				CLANG_WARN__DUPLICATE_METHOD_MATCH = YES;
				CODE_SIGN_IDENTITY = "iPhone Developer";
				COPY_PHASE_STRIP = NO;
				DEBUG_INFORMATION_FORMAT = dwarf;
				ENABLE_STRICT_OBJC_MSGSEND = YES;
				ENABLE_TESTABILITY = YES;
				GCC_C_LANGUAGE_STANDARD = gnu11;
				GCC_DYNAMIC_NO_PIC = NO;
				GCC_NO_COMMON_BLOCKS = YES;
				GCC_OPTIMIZATION_LEVEL = 0;
				GCC_PREPROCESSOR_DEFINITIONS = (
					"DEBUG=1",
					"$(inherited)",
				);
				GCC_WARN_64_TO_32_BIT_CONVERSION = YES;
				GCC_WARN_ABOUT_RETURN_TYPE = YES_ERROR;
				GCC_WARN_UNDECLARED_SELECTOR = YES;
				GCC_WARN_UNINITIALIZED_AUTOS = YES_AGGRESSIVE;
				GCC_WARN_UNUSED_FUNCTION = YES;
				GCC_WARN_UNUSED_VARIABLE = YES;
				IPHONEOS_DEPLOYMENT_TARGET = 11.2;
				MTL_ENABLE_DEBUG_INFO = YES;
				ONLY_ACTIVE_ARCH = YES;
				SDKROOT = iphoneos;
				SWIFT_ACTIVE_COMPILATION_CONDITIONS = DEBUG;
				SWIFT_OPTIMIZATION_LEVEL = "-Onone";
			};
			name = Debug;
		};
		2AA54D5A1FDDA25A00096F75 /* Release */ = {
			isa = XCBuildConfiguration;
			buildSettings = {
				ALWAYS_SEARCH_USER_PATHS = NO;
				CLANG_ANALYZER_NONNULL = YES;
				CLANG_ANALYZER_NUMBER_OBJECT_CONVERSION = YES_AGGRESSIVE;
				CLANG_CXX_LANGUAGE_STANDARD = "gnu++14";
				CLANG_CXX_LIBRARY = "libc++";
				CLANG_ENABLE_MODULES = YES;
				CLANG_ENABLE_OBJC_ARC = YES;
				CLANG_WARN_BLOCK_CAPTURE_AUTORELEASING = YES;
				CLANG_WARN_BOOL_CONVERSION = YES;
				CLANG_WARN_COMMA = YES;
				CLANG_WARN_CONSTANT_CONVERSION = YES;
				CLANG_WARN_DIRECT_OBJC_ISA_USAGE = YES_ERROR;
				CLANG_WARN_DOCUMENTATION_COMMENTS = YES;
				CLANG_WARN_EMPTY_BODY = YES;
				CLANG_WARN_ENUM_CONVERSION = YES;
				CLANG_WARN_INFINITE_RECURSION = YES;
				CLANG_WARN_INT_CONVERSION = YES;
				CLANG_WARN_NON_LITERAL_NULL_CONVERSION = YES;
				CLANG_WARN_OBJC_LITERAL_CONVERSION = YES;
				CLANG_WARN_OBJC_ROOT_CLASS = YES_ERROR;
				CLANG_WARN_RANGE_LOOP_ANALYSIS = YES;
				CLANG_WARN_STRICT_PROTOTYPES = YES;
				CLANG_WARN_SUSPICIOUS_MOVE = YES;
				CLANG_WARN_UNGUARDED_AVAILABILITY = YES_AGGRESSIVE;
				CLANG_WARN_UNREACHABLE_CODE = YES;
				CLANG_WARN__DUPLICATE_METHOD_MATCH = YES;
				CODE_SIGN_IDENTITY = "iPhone Developer";
				COPY_PHASE_STRIP = NO;
				DEBUG_INFORMATION_FORMAT = "dwarf-with-dsym";
				ENABLE_NS_ASSERTIONS = NO;
				ENABLE_STRICT_OBJC_MSGSEND = YES;
				GCC_C_LANGUAGE_STANDARD = gnu11;
				GCC_NO_COMMON_BLOCKS = YES;
				GCC_WARN_64_TO_32_BIT_CONVERSION = YES;
				GCC_WARN_ABOUT_RETURN_TYPE = YES_ERROR;
				GCC_WARN_UNDECLARED_SELECTOR = YES;
				GCC_WARN_UNINITIALIZED_AUTOS = YES_AGGRESSIVE;
				GCC_WARN_UNUSED_FUNCTION = YES;
				GCC_WARN_UNUSED_VARIABLE = YES;
				IPHONEOS_DEPLOYMENT_TARGET = 11.2;
				MTL_ENABLE_DEBUG_INFO = NO;
				SDKROOT = iphoneos;
				SWIFT_OPTIMIZATION_LEVEL = "-Owholemodule";
				VALIDATE_PRODUCT = YES;
			};
			name = Release;
		};
		2AA54D5C1FDDA25A00096F75 /* Debug */ = {
			isa = XCBuildConfiguration;
			buildSettings = {
				ASSETCATALOG_COMPILER_APPICON_NAME = AppIcon;
				CODE_SIGN_STYLE = Automatic;
				DEVELOPMENT_TEAM = 6L34F3QQGK;
				INFOPLIST_FILE = "TU Dorm/Info.plist";
				IPHONEOS_DEPLOYMENT_TARGET = 10.0;
				LD_RUNPATH_SEARCH_PATHS = "$(inherited) @executable_path/Frameworks";
				PRODUCT_BUNDLE_IDENTIFIER = "PP.tu.ac.th.TU-Dorm";
				PRODUCT_NAME = "$(TARGET_NAME)";
				SWIFT_VERSION = 4.0;
				TARGETED_DEVICE_FAMILY = "1,2";
			};
			name = Debug;
		};
		2AA54D5D1FDDA25A00096F75 /* Release */ = {
			isa = XCBuildConfiguration;
			buildSettings = {
				ASSETCATALOG_COMPILER_APPICON_NAME = AppIcon;
				CODE_SIGN_STYLE = Automatic;
				DEVELOPMENT_TEAM = 6L34F3QQGK;
				INFOPLIST_FILE = "TU Dorm/Info.plist";
				IPHONEOS_DEPLOYMENT_TARGET = 10.0;
				LD_RUNPATH_SEARCH_PATHS = "$(inherited) @executable_path/Frameworks";
				PRODUCT_BUNDLE_IDENTIFIER = "PP.tu.ac.th.TU-Dorm";
				PRODUCT_NAME = "$(TARGET_NAME)";
				SWIFT_VERSION = 4.0;
				TARGETED_DEVICE_FAMILY = "1,2";
			};
			name = Release;
		};
/* End XCBuildConfiguration section */

/* Begin XCConfigurationList section */
		2AA54D411FDDA25A00096F75 /* Build configuration list for PBXProject "TU Dorm" */ = {
			isa = XCConfigurationList;
			buildConfigurations = (
				2AA54D591FDDA25A00096F75 /* Debug */,
				2AA54D5A1FDDA25A00096F75 /* Release */,
			);
			defaultConfigurationIsVisible = 0;
			defaultConfigurationName = Release;
		};
		2AA54D5B1FDDA25A00096F75 /* Build configuration list for PBXNativeTarget "TU Dorm" */ = {
			isa = XCConfigurationList;
			buildConfigurations = (
				2AA54D5C1FDDA25A00096F75 /* Debug */,
				2AA54D5D1FDDA25A00096F75 /* Release */,
			);
			defaultConfigurationIsVisible = 0;
			defaultConfigurationName = Release;
		};
/* End XCConfigurationList section */

/* Begin XCVersionGroup section */
		2AA54D501FDDA25A00096F75 /* TU_Dorm.xcdatamodeld */ = {
			isa = XCVersionGroup;
			children = (
				2AA54D511FDDA25A00096F75 /* TU_Dorm.xcdatamodel */,
			);
			currentVersion = 2AA54D511FDDA25A00096F75 /* TU_Dorm.xcdatamodel */;
			path = TU_Dorm.xcdatamodeld;
			sourceTree = "<group>";
			versionGroupType = wrapper.xcdatamodel;
		};
/* End XCVersionGroup section */
	};
	rootObject = 2AA54D3E1FDDA25A00096F75 /* Project object */;
}
